
Microsoft Visual Studio Solution File, Format Version 12.00
# Visual Studio Version 17
VisualStudioVersion = 17.5.002.0
MinimumVisualStudioVersion = 10.0.40219.1
Project("{9A19103F-16F7-4668-BE54-9A1E7A4F7556}") = "prove-04", "prove-04.csproj", "{D1EBFC01-C3ED-4482-9A21-D52D8CD6EEFC}"
EndProject
Global
	GlobalSection(SolutionConfigurationPlatforms) = preSolution
		Debug|Any CPU = Debug|Any CPU
		Release|Any CPU = Release|Any CPU
	EndGlobalSection
	GlobalSection(ProjectConfigurationPlatforms) = postSolution
		{D1EBFC01-C3ED-4482-9A21-D52D8CD6EEFC}.Debug|Any CPU.ActiveCfg = Debug|Any CPU
		{D1EBFC01-C3ED-4482-9A21-D52D8CD6EEFC}.Debug|Any CPU.Build.0 = Debug|Any CPU
		{D1EBFC01-C3ED-4482-9A21-D52D8CD6EEFC}.Release|Any CPU.ActiveCfg = Release|Any CPU
		{D1EBFC01-C3ED-4482-9A21-D52D8CD6EEFC}.Release|Any CPU.Build.0 = Release|Any CPU
	EndGlobalSection
	GlobalSection(SolutionProperties) = preSolution
		HideSolutionNode = FALSE
	EndGlobalSection
	GlobalSection(ExtensibilityGlobals) = postSolution
		SolutionGuid = {70DA7ECC-41C1-4B5A-A94B-14F6AF417FED}
	EndGlobalSection
EndGlobal
